
Microsoft Visual Studio Solution File, Format Version 12.00
# Visual Studio Version 17
VisualStudioVersion = 17.8.34302.71
MinimumVisualStudioVersion = 10.0.40219.1
Project("{FAE04EC0-301F-11D3-BF4B-00C04F79EFBC}") = "WebAPI", "WebAPI\WebAPI.csproj", "{820F5314-865E-4057-B6B9-92F57CB30337}"
EndProject
Global
	GlobalSection(SolutionConfigurationPlatforms) = preSolution
		Debug|Any CPU = Debug|Any CPU
		Release|Any CPU = Release|Any CPU
	EndGlobalSection
	GlobalSection(ProjectConfigurationPlatforms) = postSolution
		{820F5314-865E-4057-B6B9-92F57CB30337}.Debug|Any CPU.ActiveCfg = Debug|Any CPU
		{820F5314-865E-4057-B6B9-92F57CB30337}.Debug|Any CPU.Build.0 = Debug|Any CPU
		{820F5314-865E-4057-B6B9-92F57CB30337}.Release|Any CPU.ActiveCfg = Release|Any CPU
		{820F5314-865E-4057-B6B9-92F57CB30337}.Release|Any CPU.Build.0 = Release|Any CPU
	EndGlobalSection
	GlobalSection(SolutionProperties) = preSolution
		HideSolutionNode = FALSE
	EndGlobalSection
	GlobalSection(ExtensibilityGlobals) = postSolution
		SolutionGuid = {1EDF6DDD-713A-4F74-A4B3-FB523690E8B6}
	EndGlobalSection
EndGlobal
